{
  "nodes": {
    "flake-utils": {
      "locked": {
        "lastModified": 1659877975,
        "narHash": "sha256-zllb8aq3YO3h8B/U0/J1WBgAL8EX5yWf5pMj3G0NAmc=",
        "owner": "numtide",
        "repo": "flake-utils",
        "rev": "c0e246b9b83f637f4681389ecabcb2681b4f3af0",
        "type": "github"
      },
      "original": {
        "owner": "numtide",
        "repo": "flake-utils",
        "type": "github"
      }
    },
    "home-manager": {
      "inputs": {
        "nixpkgs": [
          "nixpkgs"
        ]
      },
      "locked": {
        "lastModified": 1766682973,
        "narHash": "sha256-GKO35onS711ThCxwWcfuvbIBKXwriahGqs+WZuJ3v9E=",
        "owner": "nix-community",
        "repo": "home-manager",
        "rev": "91cdb0e2d574c64fae80d221f4bf09d5592e9ec2",
        "type": "github"
      },
      "original": {
        "owner": "nix-community",
        "ref": "master",
        "repo": "home-manager",
        "type": "github"
      }
    },
    "nixgl": {
      "inputs": {
        "flake-utils": "flake-utils",
        "nixpkgs": [
          "nixpkgs"
        ]
      },
      "locked": {
        "lastModified": 1735283791,
        "narHash": "sha256-JlT4VFs8aVlW+l151HZIZumfFsccZXcO/k5WpbYF09Y=",
        "owner": "nix-community",
        "repo": "nixGL",
        "rev": "ea8baea3b9d854bf9cf5c834a805c50948dd2603",
        "type": "github"
      },
      "original": {
        "owner": "nix-community",
        "ref": "pull/187/head",
        "repo": "nixGL",
        "type": "github"
      }
    },
    "nixpkgs": {
      "locked": {
        "lastModified": 1766651565,
        "narHash": "sha256-QEhk0eXgyIqTpJ/ehZKg9IKS7EtlWxF3N7DXy42zPfU=",
        "owner": "nixos",
        "repo": "nixpkgs",
        "rev": "3e2499d5539c16d0d173ba53552a4ff8547f4539",
        "type": "github"
      },
      "original": {
        "owner": "nixos",
        "ref": "nixos-unstable",
        "repo": "nixpkgs",
        "type": "github"
      }
    },
    "root": {
      "inputs": {
        "home-manager": "home-manager",
        "nixgl": "nixgl",
        "nixpkgs": "nixpkgs"
      }
    }
  },
  "root": "root",
  "version": 7
}
